
Microsoft Visual Studio Solution File, Format Version 12.00
Project("{FAE04EC0-301F-11D3-BF4B-00C04F79EFBC}") = "TicTacToe_Backend", "TicTacToe_Backend\TicTacToe_Backend.csproj", "{6142869D-92E0-41D5-A6C8-BA6599B86E1F}"
EndProject
Project("{FAE04EC0-301F-11D3-BF4B-00C04F79EFBC}") = "Migrations", "Migrations\Migrations.csproj", "{DA5A184A-384A-40C2-9EA1-E2CF56C16231}"
EndProject
Global
	GlobalSection(SolutionConfigurationPlatforms) = preSolution
		Debug|Any CPU = Debug|Any CPU
		Release|Any CPU = Release|Any CPU
	EndGlobalSection
	GlobalSection(ProjectConfigurationPlatforms) = postSolution
		{6142869D-92E0-41D5-A6C8-BA6599B86E1F}.Debug|Any CPU.ActiveCfg = Debug|Any CPU
		{6142869D-92E0-41D5-A6C8-BA6599B86E1F}.Debug|Any CPU.Build.0 = Debug|Any CPU
		{6142869D-92E0-41D5-A6C8-BA6599B86E1F}.Release|Any CPU.ActiveCfg = Release|Any CPU
		{6142869D-92E0-41D5-A6C8-BA6599B86E1F}.Release|Any CPU.Build.0 = Release|Any CPU
		{DA5A184A-384A-40C2-9EA1-E2CF56C16231}.Debug|Any CPU.ActiveCfg = Debug|Any CPU
		{DA5A184A-384A-40C2-9EA1-E2CF56C16231}.Debug|Any CPU.Build.0 = Debug|Any CPU
		{DA5A184A-384A-40C2-9EA1-E2CF56C16231}.Release|Any CPU.ActiveCfg = Release|Any CPU
		{DA5A184A-384A-40C2-9EA1-E2CF56C16231}.Release|Any CPU.Build.0 = Release|Any CPU
	EndGlobalSection
EndGlobal
