
Microsoft Visual Studio Solution File, Format Version 12.00
# Visual Studio Version 17
VisualStudioVersion = 17.4.33122.133
MinimumVisualStudioVersion = 10.0.40219.1
Project("{9A19103F-16F7-4668-BE54-9A1E7A4F7556}") = "TicTacToe_Backend", "TicTacToe_Backend\TicTacToe_Backend.csproj", "{6142869D-92E0-41D5-A6C8-BA6599B86E1F}"
EndProject
Project("{9A19103F-16F7-4668-BE54-9A1E7A4F7556}") = "Migrations", "Infrastructure\Migrations\Migrations.csproj", "{DA5A184A-384A-40C2-9EA1-E2CF56C16231}"
EndProject
Project("{9A19103F-16F7-4668-BE54-9A1E7A4F7556}") = "Domain", "Core\Domain\Domain.csproj", "{A07375B9-9F61-4021-89B5-B8384D8EFCF2}"
EndProject
Project("{9A19103F-16F7-4668-BE54-9A1E7A4F7556}") = "Contracts", "Core\Contracts\Contracts.csproj", "{89C7F39A-1CAF-41EA-BB6B-1345206A820C}"
EndProject
Project("{9A19103F-16F7-4668-BE54-9A1E7A4F7556}") = "Features", "Core\Features\Features.csproj", "{D71E5F21-5878-45BA-997B-D4B82F6458C8}"
EndProject
Project("{9A19103F-16F7-4668-BE54-9A1E7A4F7556}") = "Shared", "Core\Shared\Shared.csproj", "{C2657A6B-B0D0-4969-8964-C5C513B31CBB}"
EndProject
Global
	GlobalSection(SolutionConfigurationPlatforms) = preSolution
		Debug|Any CPU = Debug|Any CPU
		Release|Any CPU = Release|Any CPU
	EndGlobalSection
	GlobalSection(ProjectConfigurationPlatforms) = postSolution
		{6142869D-92E0-41D5-A6C8-BA6599B86E1F}.Debug|Any CPU.ActiveCfg = Debug|Any CPU
		{6142869D-92E0-41D5-A6C8-BA6599B86E1F}.Debug|Any CPU.Build.0 = Debug|Any CPU
		{6142869D-92E0-41D5-A6C8-BA6599B86E1F}.Release|Any CPU.ActiveCfg = Release|Any CPU
		{6142869D-92E0-41D5-A6C8-BA6599B86E1F}.Release|Any CPU.Build.0 = Release|Any CPU
		{DA5A184A-384A-40C2-9EA1-E2CF56C16231}.Debug|Any CPU.ActiveCfg = Debug|Any CPU
		{DA5A184A-384A-40C2-9EA1-E2CF56C16231}.Debug|Any CPU.Build.0 = Debug|Any CPU
		{DA5A184A-384A-40C2-9EA1-E2CF56C16231}.Release|Any CPU.ActiveCfg = Release|Any CPU
		{DA5A184A-384A-40C2-9EA1-E2CF56C16231}.Release|Any CPU.Build.0 = Release|Any CPU
		{A07375B9-9F61-4021-89B5-B8384D8EFCF2}.Debug|Any CPU.ActiveCfg = Debug|Any CPU
		{A07375B9-9F61-4021-89B5-B8384D8EFCF2}.Debug|Any CPU.Build.0 = Debug|Any CPU
		{A07375B9-9F61-4021-89B5-B8384D8EFCF2}.Release|Any CPU.ActiveCfg = Release|Any CPU
		{A07375B9-9F61-4021-89B5-B8384D8EFCF2}.Release|Any CPU.Build.0 = Release|Any CPU
		{89C7F39A-1CAF-41EA-BB6B-1345206A820C}.Debug|Any CPU.ActiveCfg = Debug|Any CPU
		{89C7F39A-1CAF-41EA-BB6B-1345206A820C}.Debug|Any CPU.Build.0 = Debug|Any CPU
		{89C7F39A-1CAF-41EA-BB6B-1345206A820C}.Release|Any CPU.ActiveCfg = Release|Any CPU
		{89C7F39A-1CAF-41EA-BB6B-1345206A820C}.Release|Any CPU.Build.0 = Release|Any CPU
		{D71E5F21-5878-45BA-997B-D4B82F6458C8}.Debug|Any CPU.ActiveCfg = Debug|Any CPU
		{D71E5F21-5878-45BA-997B-D4B82F6458C8}.Debug|Any CPU.Build.0 = Debug|Any CPU
		{D71E5F21-5878-45BA-997B-D4B82F6458C8}.Release|Any CPU.ActiveCfg = Release|Any CPU
		{D71E5F21-5878-45BA-997B-D4B82F6458C8}.Release|Any CPU.Build.0 = Release|Any CPU
		{C2657A6B-B0D0-4969-8964-C5C513B31CBB}.Debug|Any CPU.ActiveCfg = Debug|Any CPU
		{C2657A6B-B0D0-4969-8964-C5C513B31CBB}.Debug|Any CPU.Build.0 = Debug|Any CPU
		{C2657A6B-B0D0-4969-8964-C5C513B31CBB}.Release|Any CPU.ActiveCfg = Release|Any CPU
		{C2657A6B-B0D0-4969-8964-C5C513B31CBB}.Release|Any CPU.Build.0 = Release|Any CPU
	EndGlobalSection
	GlobalSection(SolutionProperties) = preSolution
		HideSolutionNode = FALSE
	EndGlobalSection
	GlobalSection(ExtensibilityGlobals) = postSolution
		SolutionGuid = {73BE8DF1-A0AD-41B4-B734-922386C7778F}
	EndGlobalSection
EndGlobal
